
Microsoft Visual Studio Solution File, Format Version 12.00
Project("{FAE04EC0-301F-11D3-BF4B-00C04F79EFBC}") = "ComplexIf", "ComplexIf\ComplexIf.csproj", "{EE219A0C-A115-4BCA-A7CF-66A2786871CF}"
EndProject
Project("{FAE04EC0-301F-11D3-BF4B-00C04F79EFBC}") = "BoolNames", "BoolNames\BoolNames.csproj", "{EBD5F0E2-99FE-4D8F-A8A8-1561A904575F}"
EndProject
Project("{FAE04EC0-301F-11D3-BF4B-00C04F79EFBC}") = "DesignPatternsSuffix", "DesignPatternsSuffix\DesignPatternsSuffix.csproj", "{2B93140B-D074-4E9C-84B0-4EF96BB40418}"
EndProject
Global
	GlobalSection(SolutionConfigurationPlatforms) = preSolution
		Debug|Any CPU = Debug|Any CPU
		Release|Any CPU = Release|Any CPU
	EndGlobalSection
	GlobalSection(ProjectConfigurationPlatforms) = postSolution
		{EE219A0C-A115-4BCA-A7CF-66A2786871CF}.Debug|Any CPU.ActiveCfg = Debug|Any CPU
		{EE219A0C-A115-4BCA-A7CF-66A2786871CF}.Debug|Any CPU.Build.0 = Debug|Any CPU
		{EE219A0C-A115-4BCA-A7CF-66A2786871CF}.Release|Any CPU.ActiveCfg = Release|Any CPU
		{EE219A0C-A115-4BCA-A7CF-66A2786871CF}.Release|Any CPU.Build.0 = Release|Any CPU
		{EBD5F0E2-99FE-4D8F-A8A8-1561A904575F}.Debug|Any CPU.ActiveCfg = Debug|Any CPU
		{EBD5F0E2-99FE-4D8F-A8A8-1561A904575F}.Debug|Any CPU.Build.0 = Debug|Any CPU
		{EBD5F0E2-99FE-4D8F-A8A8-1561A904575F}.Release|Any CPU.ActiveCfg = Release|Any CPU
		{EBD5F0E2-99FE-4D8F-A8A8-1561A904575F}.Release|Any CPU.Build.0 = Release|Any CPU
		{2B93140B-D074-4E9C-84B0-4EF96BB40418}.Debug|Any CPU.ActiveCfg = Debug|Any CPU
		{2B93140B-D074-4E9C-84B0-4EF96BB40418}.Debug|Any CPU.Build.0 = Debug|Any CPU
		{2B93140B-D074-4E9C-84B0-4EF96BB40418}.Release|Any CPU.ActiveCfg = Release|Any CPU
		{2B93140B-D074-4E9C-84B0-4EF96BB40418}.Release|Any CPU.Build.0 = Release|Any CPU
	EndGlobalSection
EndGlobal
